PODS:
  - cunning_document_scanner (3.0.3):
    - Flutter
  - Flutter (1.0.0)
  - pdfx (1.0.0):
    - Flutter
    - FlutterMacOS
  - share_plus (0.0.1):
    - Flutter
  - shared_preferences_foundation (0.0.1):
    - Flutter
    - FlutterMacOS

DEPENDENCIES:
  - cunning_document_scanner (from `.symlinks/plugins/cunning_document_scanner/ios`)
  - Flutter (from `Flutter`)
  - pdfx (from `.symlinks/plugins/pdfx/darwin`)
  - share_plus (from `.symlinks/plugins/share_plus/ios`)
  - shared_preferences_foundation (from `.symlinks/plugins/shared_preferences_foundation/darwin`)

EXTERNAL SOURCES:
  cunning_document_scanner:
    :path: ".symlinks/plugins/cunning_document_scanner/ios"
  Flutter:
    :path: Flutter
  pdfx:
    :path: ".symlinks/plugins/pdfx/darwin"
  share_plus:
    :path: ".symlinks/plugins/share_plus/ios"
  shared_preferences_foundation:
    :path: ".symlinks/plugins/shared_preferences_foundation/darwin"

SPEC CHECKSUMS:
  cunning_document_scanner: 7d4eea423121eaa71fca0434cd5e0b8ac6c929db
  Flutter: cabc95a1d2626b1b06e7179b784ebcf0c0cde467
  pdfx: 824a9108791a81e400da7d1a903ab73668365072
  share_plus: 50da8cb520a8f0f65671c6c6a99b3617ed10a58a
  shared_preferences_foundation: 7036424c3d8ec98dfe75ff1667cb0cd531ec82bb

PODFILE CHECKSUM: 3c63482e143d1b91d2d2560aee9fb04ecc74ac7e

COCOAPODS: 1.16.2
